PODS:
  - Flutter (1.0.0)
  - kevin-ios (2.2.2)
  - kevin_flutter_accounts (0.0.1):
    - Flutter
    - kevin-ios (= 2.2.2)
    - kevin_flutter_core
  - kevin_flutter_core (0.0.1):
    - Flutter
    - kevin-ios (= 2.2.2)
  - kevin_flutter_in_app_payments (0.0.1):
    - Flutter
    - kevin-ios (= 2.2.2)
    - kevin_flutter_core
  - url_launcher_ios (0.0.1):
    - Flutter

DEPENDENCIES:
  - Flutter (from `Flutter`)
  - kevin_flutter_accounts (from `.symlinks/plugins/kevin_flutter_accounts/ios`)
  - kevin_flutter_core (from `.symlinks/plugins/kevin_flutter_core/ios`)
  - kevin_flutter_in_app_payments (from `.symlinks/plugins/kevin_flutter_in_app_payments/ios`)
  - url_launcher_ios (from `.symlinks/plugins/url_launcher_ios/ios`)

SPEC REPOS:
  trunk:
    - kevin-ios

EXTERNAL SOURCES:
  Flutter:
    :path: Flutter
  kevin_flutter_accounts:
    :path: ".symlinks/plugins/kevin_flutter_accounts/ios"
  kevin_flutter_core:
    :path: ".symlinks/plugins/kevin_flutter_core/ios"
  kevin_flutter_in_app_payments:
    :path: ".symlinks/plugins/kevin_flutter_in_app_payments/ios"
  url_launcher_ios:
    :path: ".symlinks/plugins/url_launcher_ios/ios"

SPEC CHECKSUMS:
  Flutter: 50d75fe2f02b26cc09d224853bb45737f8b3214a
  kevin-ios: 143e5fc1f2fb8b24829c0b80f4bcb60af3d5f769
  kevin_flutter_accounts: 86fe81d0f35f4016356c31540c24007862342cd6
  kevin_flutter_core: e333dbdab8296c11b1d2a2c043b32a894c243e2c
  kevin_flutter_in_app_payments: b07c08fef2155ad1161f79a970e0bad12c7d0ccb
  url_launcher_ios: 839c58cdb4279282219f5e248c3321761ff3c4de

PODFILE CHECKSUM: aafe91acc616949ddb318b77800a7f51bffa2a4c

COCOAPODS: 1.11.3
